
Microsoft Visual Studio Solution File, Format Version 12.00
# Visual Studio Version 16
VisualStudioVersion = 16.0.31702.278
MinimumVisualStudioVersion = 10.0.40219.1
Project("{FAE04EC0-301F-11D3-BF4B-00C04F79EFBC}") = "PartialViewDemo", "PartialViewDemo\PartialViewDemo.csproj", "{5383B2F4-65A0-4476-96A3-76CD58CA4A11}"
EndProject
Global
	GlobalSection(SolutionConfigurationPlatforms) = preSolution
		Debug|Any CPU = Debug|Any CPU
		Release|Any CPU = Release|Any CPU
	EndGlobalSection
	GlobalSection(ProjectConfigurationPlatforms) = postSolution
		{5383B2F4-65A0-4476-96A3-76CD58CA4A11}.Debug|Any CPU.ActiveCfg = Debug|Any CPU
		{5383B2F4-65A0-4476-96A3-76CD58CA4A11}.Debug|Any CPU.Build.0 = Debug|Any CPU
		{5383B2F4-65A0-4476-96A3-76CD58CA4A11}.Release|Any CPU.ActiveCfg = Release|Any CPU
		{5383B2F4-65A0-4476-96A3-76CD58CA4A11}.Release|Any CPU.Build.0 = Release|Any CPU
	EndGlobalSection
	GlobalSection(SolutionProperties) = preSolution
		HideSolutionNode = FALSE
	EndGlobalSection
	GlobalSection(ExtensibilityGlobals) = postSolution
		SolutionGuid = {34E74FA5-DADF-48E0-A65A-DE0687E155F1}
	EndGlobalSection
EndGlobal
